<?xml version="1.0" encoding="utf-8"?>
<Project ToolsVersion="4.0" xmlns="http://schemas.microsoft.com/developer/msbuild/2003">
  <ItemGroup>
    <Filter Include="FileSystem">
      <UniqueIdentifier>{ad5a741c-4512-4d3e-9fdf-d94a3f42129a}</UniqueIdentifier>
    </Filter>
  </ItemGroup>
  <ItemGroup>
    <ClCompile Include="EngineFilesystem.cpp">
      <Filter>FileSystem</Filter>
    </ClCompile>
    <ClCompile Include="EngineTransform.cpp" />
    <ClCompile Include="EngineNameObject.cpp" />
  </ItemGroup>
  <ItemGroup>
    <ClInclude Include="EngineFilesystem.h">
      <Filter>FileSystem</Filter>
    </ClInclude>
    <ClInclude Include="EngineTransform.h" />
    <ClInclude Include="EngineNameObject.h" />
  </ItemGroup>
</Project>